
Microsoft Visual Studio Solution File, Format Version 12.00
# Visual Studio Version 16
VisualStudioVersion = 16.0.31005.135
MinimumVisualStudioVersion = 10.0.40219.1
Project("{FAE04EC0-301F-11D3-BF4B-00C04F79EFBC}") = "DynamicForm", "DynamicForm\DynamicForm.csproj", "{0D90665B-181D-4F61-910C-B6524EC30151}"
EndProject
Global
	GlobalSection(SolutionConfigurationPlatforms) = preSolution
		Debug|Any CPU = Debug|Any CPU
		Release|Any CPU = Release|Any CPU
	EndGlobalSection
	GlobalSection(ProjectConfigurationPlatforms) = postSolution
		{0D90665B-181D-4F61-910C-B6524EC30151}.Debug|Any CPU.ActiveCfg = Debug|Any CPU
		{0D90665B-181D-4F61-910C-B6524EC30151}.Debug|Any CPU.Build.0 = Debug|Any CPU
		{0D90665B-181D-4F61-910C-B6524EC30151}.Release|Any CPU.ActiveCfg = Release|Any CPU
		{0D90665B-181D-4F61-910C-B6524EC30151}.Release|Any CPU.Build.0 = Release|Any CPU
	EndGlobalSection
	GlobalSection(SolutionProperties) = preSolution
		HideSolutionNode = FALSE
	EndGlobalSection
	GlobalSection(ExtensibilityGlobals) = postSolution
		SolutionGuid = {C2B94833-7A1F-4FF3-B9D2-72C3412D5D43}
	EndGlobalSection
EndGlobal
